
Microsoft Visual Studio Solution File, Format Version 12.00
# Visual Studio Version 17
VisualStudioVersion = 17.0.32014.148
MinimumVisualStudioVersion = 10.0.40219.1
Project("{9A19103F-16F7-4668-BE54-9A1E7A4F7556}") = "tests", "tests\tests.csproj", "{320494FF-215D-4E23-8856-1CA5AC96DC75}"
EndProject
Project("{9A19103F-16F7-4668-BE54-9A1E7A4F7556}") = "src", "src\src.csproj", "{74E40491-E5A2-4393-B696-382B424C0C72}"
EndProject
Global
	GlobalSection(SolutionConfigurationPlatforms) = preSolution
		Debug|Any CPU = Debug|Any CPU
		Debug|x64 = Debug|x64
		Debug|x86 = Debug|x86
		Release|Any CPU = Release|Any CPU
		Release|x64 = Release|x64
		Release|x86 = Release|x86
	EndGlobalSection
	GlobalSection(ProjectConfigurationPlatforms) = postSolution
		{320494FF-215D-4E23-8856-1CA5AC96DC75}.Debug|Any CPU.ActiveCfg = Debug|Any CPU
		{320494FF-215D-4E23-8856-1CA5AC96DC75}.Debug|Any CPU.Build.0 = Debug|Any CPU
		{320494FF-215D-4E23-8856-1CA5AC96DC75}.Debug|x64.ActiveCfg = Debug|Any CPU
		{320494FF-215D-4E23-8856-1CA5AC96DC75}.Debug|x64.Build.0 = Debug|Any CPU
		{320494FF-215D-4E23-8856-1CA5AC96DC75}.Debug|x86.ActiveCfg = Debug|Any CPU
		{320494FF-215D-4E23-8856-1CA5AC96DC75}.Debug|x86.Build.0 = Debug|Any CPU
		{320494FF-215D-4E23-8856-1CA5AC96DC75}.Release|Any CPU.ActiveCfg = Release|Any CPU
		{320494FF-215D-4E23-8856-1CA5AC96DC75}.Release|Any CPU.Build.0 = Release|Any CPU
		{320494FF-215D-4E23-8856-1CA5AC96DC75}.Release|x64.ActiveCfg = Release|Any CPU
		{320494FF-215D-4E23-8856-1CA5AC96DC75}.Release|x64.Build.0 = Release|Any CPU
		{320494FF-215D-4E23-8856-1CA5AC96DC75}.Release|x86.ActiveCfg = Release|Any CPU
		{320494FF-215D-4E23-8856-1CA5AC96DC75}.Release|x86.Build.0 = Release|Any CPU
		{74E40491-E5A2-4393-B696-382B424C0C72}.Debug|Any CPU.ActiveCfg = Debug|Any CPU
		{74E40491-E5A2-4393-B696-382B424C0C72}.Debug|Any CPU.Build.0 = Debug|Any CPU
		{74E40491-E5A2-4393-B696-382B424C0C72}.Debug|x64.ActiveCfg = Debug|Any CPU
		{74E40491-E5A2-4393-B696-382B424C0C72}.Debug|x64.Build.0 = Debug|Any CPU
		{74E40491-E5A2-4393-B696-382B424C0C72}.Debug|x86.ActiveCfg = Debug|Any CPU
		{74E40491-E5A2-4393-B696-382B424C0C72}.Debug|x86.Build.0 = Debug|Any CPU
		{74E40491-E5A2-4393-B696-382B424C0C72}.Release|Any CPU.ActiveCfg = Release|Any CPU
		{74E40491-E5A2-4393-B696-382B424C0C72}.Release|Any CPU.Build.0 = Release|Any CPU
		{74E40491-E5A2-4393-B696-382B424C0C72}.Release|x64.ActiveCfg = Release|Any CPU
		{74E40491-E5A2-4393-B696-382B424C0C72}.Release|x64.Build.0 = Release|Any CPU
		{74E40491-E5A2-4393-B696-382B424C0C72}.Release|x86.ActiveCfg = Release|Any CPU
		{74E40491-E5A2-4393-B696-382B424C0C72}.Release|x86.Build.0 = Release|Any CPU
	EndGlobalSection
	GlobalSection(SolutionProperties) = preSolution
		HideSolutionNode = FALSE
	EndGlobalSection
	GlobalSection(ExtensibilityGlobals) = postSolution
		SolutionGuid = {45C4F7F3-467D-45FB-A1C3-7A0EA45D9031}
	EndGlobalSection
EndGlobal
