
Microsoft Visual Studio Solution File, Format Version 12.00
# Visual Studio Version 17
VisualStudioVersion = 17.0.32014.148
MinimumVisualStudioVersion = 10.0.40219.1
Project("{9A19103F-16F7-4668-BE54-9A1E7A4F7556}") = "src", "src.csproj", "{CD9A24F4-1E2B-4D47-A593-529EF354879C}"
EndProject
Global
	GlobalSection(SolutionConfigurationPlatforms) = preSolution
		Debug|Any CPU = Debug|Any CPU
		Release|Any CPU = Release|Any CPU
	EndGlobalSection
	GlobalSection(ProjectConfigurationPlatforms) = postSolution
		{CD9A24F4-1E2B-4D47-A593-529EF354879C}.Debug|Any CPU.ActiveCfg = Debug|Any CPU
		{CD9A24F4-1E2B-4D47-A593-529EF354879C}.Debug|Any CPU.Build.0 = Debug|Any CPU
		{CD9A24F4-1E2B-4D47-A593-529EF354879C}.Release|Any CPU.ActiveCfg = Release|Any CPU
		{CD9A24F4-1E2B-4D47-A593-529EF354879C}.Release|Any CPU.Build.0 = Release|Any CPU
	EndGlobalSection
	GlobalSection(SolutionProperties) = preSolution
		HideSolutionNode = FALSE
	EndGlobalSection
	GlobalSection(ExtensibilityGlobals) = postSolution
		SolutionGuid = {5B1FCE6E-AAB5-494C-A29F-C82FCB9ED6CD}
	EndGlobalSection
EndGlobal
